
Microsoft Visual Studio Solution File, Format Version 12.00
Project("{FAE04EC0-301F-11D3-BF4B-00C04F79EFBC}") = "hw6", "hw6\hw6.csproj", "{6FA6E14B-A6DA-4AFD-9954-2CCE960641E6}"
EndProject
Global
	GlobalSection(SolutionConfigurationPlatforms) = preSolution
		Debug|Any CPU = Debug|Any CPU
		Release|Any CPU = Release|Any CPU
	EndGlobalSection
	GlobalSection(ProjectConfigurationPlatforms) = postSolution
		{6FA6E14B-A6DA-4AFD-9954-2CCE960641E6}.Debug|Any CPU.ActiveCfg = Debug|Any CPU
		{6FA6E14B-A6DA-4AFD-9954-2CCE960641E6}.Debug|Any CPU.Build.0 = Debug|Any CPU
		{6FA6E14B-A6DA-4AFD-9954-2CCE960641E6}.Release|Any CPU.ActiveCfg = Release|Any CPU
		{6FA6E14B-A6DA-4AFD-9954-2CCE960641E6}.Release|Any CPU.Build.0 = Release|Any CPU
	EndGlobalSection
EndGlobal
